# This file is automatically @generated by Cargo.
# It is not intended for manual editing.
version = 4

[[package]]
name = "certain_encryption_decryptor"
version = "0.1.0"
dependencies = [
 "simple-rijndael",
]

[[package]]
name = "simple-rijndael"
version = "0.3.2"
source = "registry+https://github.com/rust-lang/crates.io-index"
checksum = "843fc9945b08a629a18fb7eaf7d76d9e2ef2fa628c5ea1b7782627fc21bb2285"
